
Microsoft Visual Studio Solution File, Format Version 12.00
# Visual Studio 15
VisualStudioVersion = 15.0.28010.2050
MinimumVisualStudioVersion = 10.0.40219.1
Project("{FAE04EC0-301F-11D3-BF4B-00C04F79EFBC}") = "KiwiBike4Rent", "KiwiBike4Rent\KiwiBike4Rent.csproj", "{0CF3BBD5-A81B-4FF1-B7D4-B23F623918C2}"
EndProject
Global
	GlobalSection(SolutionConfigurationPlatforms) = preSolution
		Debug|Any CPU = Debug|Any CPU
		Release|Any CPU = Release|Any CPU
	EndGlobalSection
	GlobalSection(ProjectConfigurationPlatforms) = postSolution
		{0CF3BBD5-A81B-4FF1-B7D4-B23F623918C2}.Debug|Any CPU.ActiveCfg = Debug|Any CPU
		{0CF3BBD5-A81B-4FF1-B7D4-B23F623918C2}.Debug|Any CPU.Build.0 = Debug|Any CPU
		{0CF3BBD5-A81B-4FF1-B7D4-B23F623918C2}.Release|Any CPU.ActiveCfg = Release|Any CPU
		{0CF3BBD5-A81B-4FF1-B7D4-B23F623918C2}.Release|Any CPU.Build.0 = Release|Any CPU
	EndGlobalSection
	GlobalSection(SolutionProperties) = preSolution
		HideSolutionNode = FALSE
	EndGlobalSection
	GlobalSection(ExtensibilityGlobals) = postSolution
		SolutionGuid = {D662E683-924D-4FDD-B203-E7A7C9AA0414}
	EndGlobalSection
EndGlobal
